
Microsoft Visual Studio Solution File, Format Version 12.00
# Visual Studio Version 16
VisualStudioVersion = 16.0.29215.179
MinimumVisualStudioVersion = 10.0.40219.1
Project("{FAE04EC0-301F-11D3-BF4B-00C04F79EFBC}") = "RoyalAirlines", "RoyalAirlines\RoyalAirlines.csproj", "{C458DE8A-985C-4667-91F6-526BCAF94FCB}"
EndProject
Global
	GlobalSection(SolutionConfigurationPlatforms) = preSolution
		Debug|Any CPU = Debug|Any CPU
		Release|Any CPU = Release|Any CPU
	EndGlobalSection
	GlobalSection(ProjectConfigurationPlatforms) = postSolution
		{C458DE8A-985C-4667-91F6-526BCAF94FCB}.Debug|Any CPU.ActiveCfg = Debug|Any CPU
		{C458DE8A-985C-4667-91F6-526BCAF94FCB}.Debug|Any CPU.Build.0 = Debug|Any CPU
		{C458DE8A-985C-4667-91F6-526BCAF94FCB}.Release|Any CPU.ActiveCfg = Release|Any CPU
		{C458DE8A-985C-4667-91F6-526BCAF94FCB}.Release|Any CPU.Build.0 = Release|Any CPU
	EndGlobalSection
	GlobalSection(SolutionProperties) = preSolution
		HideSolutionNode = FALSE
	EndGlobalSection
	GlobalSection(ExtensibilityGlobals) = postSolution
		SolutionGuid = {E7249D27-0ECE-41B4-9D05-1661A5870905}
	EndGlobalSection
EndGlobal
